
Microsoft Visual Studio Solution File, Format Version 12.00
# Visual Studio Version 17
VisualStudioVersion = 17.13.35825.156 d17.13
MinimumVisualStudioVersion = 10.0.40219.1
Project("{FAE04EC0-301F-11D3-BF4B-00C04F79EFBC}") = "Level2", "Level2\Level2.csproj", "{02A66F8C-DBB3-43DD-9E4A-77E6F7E98065}"
EndProject
Global
	GlobalSection(SolutionConfigurationPlatforms) = preSolution
		Debug|Any CPU = Debug|Any CPU
		Release|Any CPU = Release|Any CPU
	EndGlobalSection
	GlobalSection(ProjectConfigurationPlatforms) = postSolution
		{02A66F8C-DBB3-43DD-9E4A-77E6F7E98065}.Debug|Any CPU.ActiveCfg = Debug|Any CPU
		{02A66F8C-DBB3-43DD-9E4A-77E6F7E98065}.Debug|Any CPU.Build.0 = Debug|Any CPU
		{02A66F8C-DBB3-43DD-9E4A-77E6F7E98065}.Release|Any CPU.ActiveCfg = Release|Any CPU
		{02A66F8C-DBB3-43DD-9E4A-77E6F7E98065}.Release|Any CPU.Build.0 = Release|Any CPU
	EndGlobalSection
	GlobalSection(SolutionProperties) = preSolution
		HideSolutionNode = FALSE
	EndGlobalSection
	GlobalSection(ExtensibilityGlobals) = postSolution
		SolutionGuid = {214A72A6-6F6F-4E2A-A7FC-038440051408}
	EndGlobalSection
EndGlobal
